// !$*UTF8*$!
{
	archiveVersion = 1;
	classes = {
	};
	objectVersion = 46;
	objects = {

/* Begin PBXBuildFile section */
		3508ED6B1919C86C009E1512 /* glBlurView.m in Sources */ = {isa = PBXBuildFile; fileRef = 3508ED6A1919C86C009E1512 /* glBlurView.m */; };
		3508ED6E1919DE07009E1512 /* glPictureViewController.m in Sources */ = {isa = PBXBuildFile; fileRef = 3508ED6D1919DE07009E1512 /* glPictureViewController.m */; };
		3508ED701919E1FF009E1512 /* QuartzCore.framework in Frameworks */ = {isa = PBXBuildFile; fileRef = 3508ED6F1919E1FF009E1512 /* QuartzCore.framework */; };
		3597A2B0194DA16A009FBE48 /* glGlasNavigationController.m in Sources */ = {isa = PBXBuildFile; fileRef = 3597A2AF194DA16A009FBE48 /* glGlasNavigationController.m */; };
		3597A2B3194DCE0B009FBE48 /* glChatManagerViewController.m in Sources */ = {isa = PBXBuildFile; fileRef = 3597A2B2194DCE0B009FBE48 /* glChatManagerViewController.m */; };
		359B2F491930A7D000A65D66 /* glBuddyChatViewController.m in Sources */ = {isa = PBXBuildFile; fileRef = 359B2F481930A7D000A65D66 /* glBuddyChatViewController.m */; };
		359B2F4C1930BCA300A65D66 /* billgates.jpg in Resources */ = {isa = PBXBuildFile; fileRef = 359B2F4A1930BCA300A65D66 /* billgates.jpg */; };
		359B2F4D1930BCA300A65D66 /* obama.jpg in Resources */ = {isa = PBXBuildFile; fileRef = 359B2F4B1930BCA300A65D66 /* obama.jpg */; };
		359BC845193B9F40005F2718 /* glUserVideoViewController.m in Sources */ = {isa = PBXBuildFile; fileRef = 359BC844193B9F40005F2718 /* glUserVideoViewController.m */; };
		359BC847193BB07E005F2718 /* 06-commit_feet.png in Resources */ = {isa = PBXBuildFile; fileRef = 359BC846193BB07E005F2718 /* 06-commit_feet.png */; };
		35C0697D1932596A009538A9 /* glDistrictParticipants.m in Sources */ = {isa = PBXBuildFile; fileRef = 35C0697C1932596A009538A9 /* glDistrictParticipants.m */; };
		35C0697F19325996009538A9 /* DistrictParticipants.xib in Resources */ = {isa = PBXBuildFile; fileRef = 35C0697E19325996009538A9 /* DistrictParticipants.xib */; };
		35CC47001932C0FF00F16AAC /* glProviderViewController.m in Sources */ = {isa = PBXBuildFile; fileRef = 35CC46FF1932C0FF00F16AAC /* glProviderViewController.m */; };
		35CC47031932C12500F16AAC /* glCommitmentViewController.m in Sources */ = {isa = PBXBuildFile; fileRef = 35CC47021932C12500F16AAC /* glCommitmentViewController.m */; };
		35D042BB191A1F64008D3679 /* glMyProfileViewController.m in Sources */ = {isa = PBXBuildFile; fileRef = 35D042BA191A1F64008D3679 /* glMyProfileViewController.m */; };
		35D042BE191A1F73008D3679 /* glVideoUploadViewController.m in Sources */ = {isa = PBXBuildFile; fileRef = 35D042BD191A1F73008D3679 /* glVideoUploadViewController.m */; };
		35D042C1191A21E9008D3679 /* glFaqViewController.m in Sources */ = {isa = PBXBuildFile; fileRef = 35D042C0191A21E9008D3679 /* glFaqViewController.m */; };
		35D042C4191A21F3008D3679 /* glForumViewController.m in Sources */ = {isa = PBXBuildFile; fileRef = 35D042C3191A21F3008D3679 /* glForumViewController.m */; };
		35D042C9191A4288008D3679 /* SidebarViewController.m in Sources */ = {isa = PBXBuildFile; fileRef = 35D042C8191A4288008D3679 /* SidebarViewController.m */; };
		35D042CC191A42D3008D3679 /* MTPopupWindow.m in Sources */ = {isa = PBXBuildFile; fileRef = 35D042CB191A42D3008D3679 /* MTPopupWindow.m */; };
		35D042CE191A42E8008D3679 /* info.html in Resources */ = {isa = PBXBuildFile; fileRef = 35D042CD191A42E8008D3679 /* info.html */; };
		43D07FEE192CDE6F00F22139 /* glBuddyDetailViewController.m in Sources */ = {isa = PBXBuildFile; fileRef = 43D07FED192CDE6F00F22139 /* glBuddyDetailViewController.m */; };
		49A6D79C194C55CE002374D8 /* glMyProfileSettingsChangeViewController.m in Sources */ = {isa = PBXBuildFile; fileRef = 49A6D79B194C55CE002374D8 /* glMyProfileSettingsChangeViewController.m */; };
		49A6D79F194CD610002374D8 /* glPictureViewSettingsController.m in Sources */ = {isa = PBXBuildFile; fileRef = 49A6D79E194CD610002374D8 /* glPictureViewSettingsController.m */; };
		49A6D7A2194E4E14002374D8 /* glInfoViewController.m in Sources */ = {isa = PBXBuildFile; fileRef = 49A6D7A1194E4E14002374D8 /* glInfoViewController.m */; };
		49B7AE38193522A0000E8904 /* sample_mpeg4.mp4 in Resources */ = {isa = PBXBuildFile; fileRef = 49B7AE37193522A0000E8904 /* sample_mpeg4.mp4 */; };
		49B7AE3B193537CC000E8904 /* glDistrictParticipantsCell.m in Sources */ = {isa = PBXBuildFile; fileRef = 49B7AE3A193537CC000E8904 /* glDistrictParticipantsCell.m */; };
		49C31E8A1919000C005A8F28 /* glDistrictViewController.m in Sources */ = {isa = PBXBuildFile; fileRef = 49C31E891919000C005A8F28 /* glDistrictViewController.m */; };
		49C31E8D19190037005A8F28 /* glRegisterViewController.m in Sources */ = {isa = PBXBuildFile; fileRef = 49C31E8C19190037005A8F28 /* glRegisterViewController.m */; };
		49C31E9019190052005A8F28 /* glDistrictSelectViewController.m in Sources */ = {isa = PBXBuildFile; fileRef = 49C31E8F19190052005A8F28 /* glDistrictSelectViewController.m */; };
		49C31E93191915D5005A8F28 /* glStartViewController.m in Sources */ = {isa = PBXBuildFile; fileRef = 49C31E92191915D5005A8F28 /* glStartViewController.m */; };
		49C31E9A19194AED005A8F28 /* FacebookSDK.framework in Frameworks */ = {isa = PBXBuildFile; fileRef = 49C31E9919194AED005A8F28 /* FacebookSDK.framework */; };
		49C31E9E19198B87005A8F28 /* Comp2_old.mp4 in Resources */ = {isa = PBXBuildFile; fileRef = 49C31E9D19198B87005A8F28 /* Comp2_old.mp4 */; };
		49C31E9F19198B87005A8F28 /* Comp2_old.mp4 in Resources */ = {isa = PBXBuildFile; fileRef = 49C31E9D19198B87005A8F28 /* Comp2_old.mp4 */; };
		49C31EA219198BDA005A8F28 /* glIntroViewController.m in Sources */ = {isa = PBXBuildFile; fileRef = 49C31EA119198BDA005A8F28 /* glIntroViewController.m */; };
		49C31EA319198BDA005A8F28 /* glIntroViewController.m in Sources */ = {isa = PBXBuildFile; fileRef = 49C31EA119198BDA005A8F28 /* glIntroViewController.m */; };
		49CBE6D4191A2C3200545777 /* MediaPlayer.framework in Frameworks */ = {isa = PBXBuildFile; fileRef = 49CBE6D3191A2C3200545777 /* MediaPlayer.framework */; };
		49CBE6D519280B6500545777 /* glAppDelegate.h in Sources */ = {isa = PBXBuildFile; fileRef = FFEBE5D618F299A700C8DD0B /* glAppDelegate.h */; };
		F29CBCD1194B248500C21542 /* cameraicon.png in Resources */ = {isa = PBXBuildFile; fileRef = F29CBCD0194B248500C21542 /* cameraicon.png */; };
		FFA9B9AF193BAE3800EA5A50 /* glMapViewDelegate.m in Sources */ = {isa = PBXBuildFile; fileRef = FFA9B9AE193BAE3800EA5A50 /* glMapViewDelegate.m */; };
		FFCCE4561915605A000FB961 /* SWRevealViewController.m in Sources */ = {isa = PBXBuildFile; fileRef = FFCCE4551915605A000FB961 /* SWRevealViewController.m */; };
		FFD9C46B1928BA6A00007267 /* WijkInfo.xib in Resources */ = {isa = PBXBuildFile; fileRef = FFD9C46A1928BA6A00007267 /* WijkInfo.xib */; };
		FFD9C46E1928BCF800007267 /* glWijkInfoView.m in Sources */ = {isa = PBXBuildFile; fileRef = FFD9C46D1928BCF800007267 /* glWijkInfoView.m */; };
		FFEBE5C818F299A700C8DD0B /* Foundation.framework in Frameworks */ = {isa = PBXBuildFile; fileRef = FFEBE5C718F299A700C8DD0B /* Foundation.framework */; };
		FFEBE5CA18F299A700C8DD0B /* CoreGraphics.framework in Frameworks */ = {isa = PBXBuildFile; fileRef = FFEBE5C918F299A700C8DD0B /* CoreGraphics.framework */; };
		FFEBE5CC18F299A700C8DD0B /* UIKit.framework in Frameworks */ = {isa = PBXBuildFile; fileRef = FFEBE5CB18F299A700C8DD0B /* UIKit.framework */; };
		FFEBE5D218F299A700C8DD0B /* InfoPlist.strings in Resources */ = {isa = PBXBuildFile; fileRef = FFEBE5D018F299A700C8DD0B /* InfoPlist.strings */; };
		FFEBE5D418F299A700C8DD0B /* main.m in Sources */ = {isa = PBXBuildFile; fileRef = FFEBE5D318F299A700C8DD0B /* main.m */; };
		FFEBE5D818F299A700C8DD0B /* glAppDelegate.m in Sources */ = {isa = PBXBuildFile; fileRef = FFEBE5D718F299A700C8DD0B /* glAppDelegate.m */; };
		FFEBE5DB18F299A700C8DD0B /* Main.storyboard in Resources */ = {isa = PBXBuildFile; fileRef = FFEBE5D918F299A700C8DD0B /* Main.storyboard */; };
		FFEBE5E018F299A700C8DD0B /* Images.xcassets in Resources */ = {isa = PBXBuildFile; fileRef = FFEBE5DF18F299A700C8DD0B /* Images.xcassets */; };
		FFEBE5E718F299A700C8DD0B /* XCTest.framework in Frameworks */ = {isa = PBXBuildFile; fileRef = FFEBE5E618F299A700C8DD0B /* XCTest.framework */; };
		FFEBE5E818F299A700C8DD0B /* Foundation.framework in Frameworks */ = {isa = PBXBuildFile; fileRef = FFEBE5C718F299A700C8DD0B /* Foundation.framework */; };
		FFEBE5E918F299A700C8DD0B /* UIKit.framework in Frameworks */ = {isa = PBXBuildFile; fileRef = FFEBE5CB18F299A700C8DD0B /* UIKit.framework */; };
		FFEBE5F118F299A700C8DD0B /* InfoPlist.strings in Resources */ = {isa = PBXBuildFile; fileRef = FFEBE5EF18F299A700C8DD0B /* InfoPlist.strings */; };
		FFEBE5F318F299A700C8DD0B /* GlasAanHuisTests.m in Sources */ = {isa = PBXBuildFile; fileRef = FFEBE5F218F299A700C8DD0B /* GlasAanHuisTests.m */; };
/* End PBXBuildFile section */

/* Begin PBXContainerItemProxy section */
		FFEBE5EA18F299A700C8DD0B /* PBXContainerItemProxy */ = {
			isa = PBXContainerItemProxy;
			containerPortal = FFEBE5BC18F299A700C8DD0B /* Project object */;
			proxyType = 1;
			remoteGlobalIDString = FFEBE5C318F299A700C8DD0B;
			remoteInfo = GlasAanHuis;
		};
/* End PBXContainerItemProxy section */

/* Begin PBXFileReference section */
		3508ED691919C86C009E1512 /* glBlurView.h */ = {isa = PBXFileReference; fileEncoding = 4; lastKnownFileType = sourcecode.c.h; path = glBlurView.h; sourceTree = "<group>"; };
		3508ED6A1919C86C009E1512 /* glBlurView.m */ = {isa = PBXFileReference; fileEncoding = 4; lastKnownFileType = sourcecode.c.objc; path = glBlurView.m; sourceTree = "<group>"; };
		3508ED6C1919DE07009E1512 /* glPictureViewController.h */ = {isa = PBXFileReference; fileEncoding = 4; lastKnownFileType = sourcecode.c.h; path = glPictureViewController.h; sourceTree = "<group>"; };
		3508ED6D1919DE07009E1512 /* glPictureViewController.m */ = {isa = PBXFileReference; fileEncoding = 4; lastKnownFileType = sourcecode.c.objc; path = glPictureViewController.m; sourceTree = "<group>"; };
		3508ED6F1919E1FF009E1512 /* QuartzCore.framework */ = {isa = PBXFileReference; lastKnownFileType = wrapper.framework; name = QuartzCore.framework; path = System/Library/Frameworks/QuartzCore.framework; sourceTree = SDKROOT; };
		3597A2AE194DA16A009FBE48 /* glGlasNavigationController.h */ = {isa = PBXFileReference; fileEncoding = 4; lastKnownFileType = sourcecode.c.h; path = glGlasNavigationController.h; sourceTree = "<group>"; };
		3597A2AF194DA16A009FBE48 /* glGlasNavigationController.m */ = {isa = PBXFileReference; fileEncoding = 4; lastKnownFileType = sourcecode.c.objc; path = glGlasNavigationController.m; sourceTree = "<group>"; };
		3597A2B1194DCE0B009FBE48 /* glChatManagerViewController.h */ = {isa = PBXFileReference; fileEncoding = 4; lastKnownFileType = sourcecode.c.h; path = glChatManagerViewController.h; sourceTree = "<group>"; };
		3597A2B2194DCE0B009FBE48 /* glChatManagerViewController.m */ = {isa = PBXFileReference; fileEncoding = 4; lastKnownFileType = sourcecode.c.objc; path = glChatManagerViewController.m; sourceTree = "<group>"; };
		359B2F471930A7D000A65D66 /* glBuddyChatViewController.h */ = {isa = PBXFileReference; fileEncoding = 4; lastKnownFileType = sourcecode.c.h; path = glBuddyChatViewController.h; sourceTree = "<group>"; };
		359B2F481930A7D000A65D66 /* glBuddyChatViewController.m */ = {isa = PBXFileReference; fileEncoding = 4; lastKnownFileType = sourcecode.c.objc; path = glBuddyChatViewController.m; sourceTree = "<group>"; };
		359B2F4A1930BCA300A65D66 /* billgates.jpg */ = {isa = PBXFileReference; lastKnownFileType = image.jpeg; path = billgates.jpg; sourceTree = "<group>"; };
		359B2F4B1930BCA300A65D66 /* obama.jpg */ = {isa = PBXFileReference; lastKnownFileType = image.jpeg; path = obama.jpg; sourceTree = "<group>"; };
		359BC843193B9F40005F2718 /* glUserVideoViewController.h */ = {isa = PBXFileReference; fileEncoding = 4; lastKnownFileType = sourcecode.c.h; path = glUserVideoViewController.h; sourceTree = "<group>"; };
		359BC844193B9F40005F2718 /* glUserVideoViewController.m */ = {isa = PBXFileReference; fileEncoding = 4; lastKnownFileType = sourcecode.c.objc; path = glUserVideoViewController.m; sourceTree = "<group>"; };
		359BC846193BB07E005F2718 /* 06-commit_feet.png */ = {isa = PBXFileReference; lastKnownFileType = image.png; path = "06-commit_feet.png"; sourceTree = "<group>"; };
		35C0697B1932596A009538A9 /* glDistrictParticipants.h */ = {isa = PBXFileReference; fileEncoding = 4; lastKnownFileType = sourcecode.c.h; path = glDistrictParticipants.h; sourceTree = "<group>"; };
		35C0697C1932596A009538A9 /* glDistrictParticipants.m */ = {isa = PBXFileReference; fileEncoding = 4; lastKnownFileType = sourcecode.c.objc; path = glDistrictParticipants.m; sourceTree = "<group>"; };
		35C0697E19325996009538A9 /* DistrictParticipants.xib */ = {isa = PBXFileReference; fileEncoding = 4; lastKnownFileType = file.xib; path = DistrictParticipants.xib; sourceTree = "<group>"; };
		35CC46FE1932C0FF00F16AAC /* glProviderViewController.h */ = {isa = PBXFileReference; fileEncoding = 4; lastKnownFileType = sourcecode.c.h; path = glProviderViewController.h; sourceTree = "<group>"; };
		35CC46FF1932C0FF00F16AAC /* glProviderViewController.m */ = {isa = PBXFileReference; fileEncoding = 4; lastKnownFileType = sourcecode.c.objc; path = glProviderViewController.m; sourceTree = "<group>"; };
		35CC47011932C12500F16AAC /* glCommitmentViewController.h */ = {isa = PBXFileReference; fileEncoding = 4; lastKnownFileType = sourcecode.c.h; path = glCommitmentViewController.h; sourceTree = "<group>"; };
		35CC47021932C12500F16AAC /* glCommitmentViewController.m */ = {isa = PBXFileReference; fileEncoding = 4; lastKnownFileType = sourcecode.c.objc; path = glCommitmentViewController.m; sourceTree = "<group>"; };
		35D042B9191A1F64008D3679 /* glMyProfileViewController.h */ = {isa = PBXFileReference; fileEncoding = 4; lastKnownFileType = sourcecode.c.h; path = glMyProfileViewController.h; sourceTree = "<group>"; };
		35D042BA191A1F64008D3679 /* glMyProfileViewController.m */ = {isa = PBXFileReference; fileEncoding = 4; lastKnownFileType = sourcecode.c.objc; path = glMyProfileViewController.m; sourceTree = "<group>"; };
		35D042BC191A1F73008D3679 /* glVideoUploadViewController.h */ = {isa = PBXFileReference; fileEncoding = 4; lastKnownFileType = sourcecode.c.h; path = glVideoUploadViewController.h; sourceTree = "<group>"; };
		35D042BD191A1F73008D3679 /* glVideoUploadViewController.m */ = {isa = PBXFileReference; fileEncoding = 4; lastKnownFileType = sourcecode.c.objc; path = glVideoUploadViewController.m; sourceTree = "<group>"; };
		35D042BF191A21E9008D3679 /* glFaqViewController.h */ = {isa = PBXFileReference; fileEncoding = 4; lastKnownFileType = sourcecode.c.h; path = glFaqViewController.h; sourceTree = "<group>"; };
		35D042C0191A21E9008D3679 /* glFaqViewController.m */ = {isa = PBXFileReference; fileEncoding = 4; lastKnownFileType = sourcecode.c.objc; path = glFaqViewController.m; sourceTree = "<group>"; };
		35D042C2191A21F3008D3679 /* glForumViewController.h */ = {isa = PBXFileReference; fileEncoding = 4; lastKnownFileType = sourcecode.c.h; path = glForumViewController.h; sourceTree = "<group>"; };
		35D042C3191A21F3008D3679 /* glForumViewController.m */ = {isa = PBXFileReference; fileEncoding = 4; lastKnownFileType = sourcecode.c.objc; path = glForumViewController.m; sourceTree = "<group>"; };
		35D042C7191A4288008D3679 /* SidebarViewController.h */ = {isa = PBXFileReference; fileEncoding = 4; lastKnownFileType = sourcecode.c.h; path = SidebarViewController.h; sourceTree = "<group>"; };
		35D042C8191A4288008D3679 /* SidebarViewController.m */ = {isa = PBXFileReference; fileEncoding = 4; lastKnownFileType = sourcecode.c.objc; path = SidebarViewController.m; sourceTree = "<group>"; };
		35D042CA191A42D3008D3679 /* MTPopupWindow.h */ = {isa = PBXFileReference; fileEncoding = 4; lastKnownFileType = sourcecode.c.h; path = MTPopupWindow.h; sourceTree = "<group>"; };
		35D042CB191A42D3008D3679 /* MTPopupWindow.m */ = {isa = PBXFileReference; fileEncoding = 4; lastKnownFileType = sourcecode.c.objc; path = MTPopupWindow.m; sourceTree = "<group>"; };
		35D042CD191A42E8008D3679 /* info.html */ = {isa = PBXFileReference; fileEncoding = 4; lastKnownFileType = text.html; path = info.html; sourceTree = "<group>"; };
		43D07FEC192CDE6F00F22139 /* glBuddyDetailViewController.h */ = {isa = PBXFileReference; fileEncoding = 4; lastKnownFileType = sourcecode.c.h; path = glBuddyDetailViewController.h; sourceTree = "<group>"; };
		43D07FED192CDE6F00F22139 /* glBuddyDetailViewController.m */ = {isa = PBXFileReference; fileEncoding = 4; lastKnownFileType = sourcecode.c.objc; path = glBuddyDetailViewController.m; sourceTree = "<group>"; };
		49A6D79A194C55CE002374D8 /* glMyProfileSettingsChangeViewController.h */ = {isa = PBXFileReference; fileEncoding = 4; lastKnownFileType = sourcecode.c.h; path = glMyProfileSettingsChangeViewController.h; sourceTree = "<group>"; };
		49A6D79B194C55CE002374D8 /* glMyProfileSettingsChangeViewController.m */ = {isa = PBXFileReference; fileEncoding = 4; lastKnownFileType = sourcecode.c.objc; path = glMyProfileSettingsChangeViewController.m; sourceTree = "<group>"; };
		49A6D79D194CD610002374D8 /* glPictureViewSettingsController.h */ = {isa = PBXFileReference; fileEncoding = 4; lastKnownFileType = sourcecode.c.h; name = glPictureViewSettingsController.h; path = ../glPictureViewSettingsController.h; sourceTree = "<group>"; };
		49A6D79E194CD610002374D8 /* glPictureViewSettingsController.m */ = {isa = PBXFileReference; fileEncoding = 4; lastKnownFileType = sourcecode.c.objc; name = glPictureViewSettingsController.m; path = ../glPictureViewSettingsController.m; sourceTree = "<group>"; };
		49A6D7A0194E4E14002374D8 /* glInfoViewController.h */ = {isa = PBXFileReference; fileEncoding = 4; lastKnownFileType = sourcecode.c.h; path = glInfoViewController.h; sourceTree = "<group>"; };
		49A6D7A1194E4E14002374D8 /* glInfoViewController.m */ = {isa = PBXFileReference; fileEncoding = 4; lastKnownFileType = sourcecode.c.objc; path = glInfoViewController.m; sourceTree = "<group>"; };
		49B7AE37193522A0000E8904 /* sample_mpeg4.mp4 */ = {isa = PBXFileReference; lastKnownFileType = file; path = sample_mpeg4.mp4; sourceTree = "<group>"; };
		49B7AE39193537CC000E8904 /* glDistrictParticipantsCell.h */ = {isa = PBXFileReference; fileEncoding = 4; lastKnownFileType = sourcecode.c.h; path = glDistrictParticipantsCell.h; sourceTree = "<group>"; };
		49B7AE3A193537CC000E8904 /* glDistrictParticipantsCell.m */ = {isa = PBXFileReference; fileEncoding = 4; lastKnownFileType = sourcecode.c.objc; path = glDistrictParticipantsCell.m; sourceTree = "<group>"; };
		49C31E881919000C005A8F28 /* glDistrictViewController.h */ = {isa = PBXFileReference; fileEncoding = 4; lastKnownFileType = sourcecode.c.h; path = glDistrictViewController.h; sourceTree = "<group>"; };
		49C31E891919000C005A8F28 /* glDistrictViewController.m */ = {isa = PBXFileReference; fileEncoding = 4; lastKnownFileType = sourcecode.c.objc; path = glDistrictViewController.m; sourceTree = "<group>"; };
		49C31E8B19190037005A8F28 /* glRegisterViewController.h */ = {isa = PBXFileReference; fileEncoding = 4; lastKnownFileType = sourcecode.c.h; path = glRegisterViewController.h; sourceTree = "<group>"; };
		49C31E8C19190037005A8F28 /* glRegisterViewController.m */ = {isa = PBXFileReference; fileEncoding = 4; lastKnownFileType = sourcecode.c.objc; path = glRegisterViewController.m; sourceTree = "<group>"; };
		49C31E8E19190052005A8F28 /* glDistrictSelectViewController.h */ = {isa = PBXFileReference; fileEncoding = 4; lastKnownFileType = sourcecode.c.h; path = glDistrictSelectViewController.h; sourceTree = "<group>"; };
		49C31E8F19190052005A8F28 /* glDistrictSelectViewController.m */ = {isa = PBXFileReference; fileEncoding = 4; lastKnownFileType = sourcecode.c.objc; path = glDistrictSelectViewController.m; sourceTree = "<group>"; };
		49C31E91191915D5005A8F28 /* glStartViewController.h */ = {isa = PBXFileReference; fileEncoding = 4; lastKnownFileType = sourcecode.c.h; path = glStartViewController.h; sourceTree = "<group>"; };
		49C31E92191915D5005A8F28 /* glStartViewController.m */ = {isa = PBXFileReference; fileEncoding = 4; lastKnownFileType = sourcecode.c.objc; path = glStartViewController.m; sourceTree = "<group>"; };
		49C31E9919194AED005A8F28 /* FacebookSDK.framework */ = {isa = PBXFileReference; lastKnownFileType = wrapper.framework; path = FacebookSDK.framework; sourceTree = "<group>"; };
		49C31E9D19198B87005A8F28 /* Comp2_old.mp4 */ = {isa = PBXFileReference; lastKnownFileType = file; path = Comp2_old.mp4; sourceTree = "<group>"; };
		49C31EA019198BDA005A8F28 /* glIntroViewController.h */ = {isa = PBXFileReference; fileEncoding = 4; lastKnownFileType = sourcecode.c.h; path = glIntroViewController.h; sourceTree = "<group>"; };
		49C31EA119198BDA005A8F28 /* glIntroViewController.m */ = {isa = PBXFileReference; fileEncoding = 4; lastKnownFileType = sourcecode.c.objc; path = glIntroViewController.m; sourceTree = "<group>"; };
		49CBE6D3191A2C3200545777 /* MediaPlayer.framework */ = {isa = PBXFileReference; lastKnownFileType = wrapper.framework; name = MediaPlayer.framework; path = System/Library/Frameworks/MediaPlayer.framework; sourceTree = SDKROOT; };
		F29CBCD0194B248500C21542 /* cameraicon.png */ = {isa = PBXFileReference; lastKnownFileType = image.png; path = cameraicon.png; sourceTree = "<group>"; };
		FFA9B9AD193BAE3800EA5A50 /* glMapViewDelegate.h */ = {isa = PBXFileReference; fileEncoding = 4; lastKnownFileType = sourcecode.c.h; path = glMapViewDelegate.h; sourceTree = "<group>"; };
		FFA9B9AE193BAE3800EA5A50 /* glMapViewDelegate.m */ = {isa = PBXFileReference; fileEncoding = 4; lastKnownFileType = sourcecode.c.objc; path = glMapViewDelegate.m; sourceTree = "<group>"; };
		FFC5C467194E5F6B00B25CA0 /* Comp2.mp4 */ = {isa = PBXFileReference; lastKnownFileType = file; path = Comp2.mp4; sourceTree = "<group>"; };
		FFCCE4541915605A000FB961 /* SWRevealViewController.h */ = {isa = PBXFileReference; fileEncoding = 4; lastKnownFileType = sourcecode.c.h; path = SWRevealViewController.h; sourceTree = "<group>"; };
		FFCCE4551915605A000FB961 /* SWRevealViewController.m */ = {isa = PBXFileReference; fileEncoding = 4; lastKnownFileType = sourcecode.c.objc; path = SWRevealViewController.m; sourceTree = "<group>"; };
		FFD9C46A1928BA6A00007267 /* WijkInfo.xib */ = {isa = PBXFileReference; fileEncoding = 4; lastKnownFileType = file.xib; path = WijkInfo.xib; sourceTree = "<group>"; };
		FFD9C46C1928BCF800007267 /* glWijkInfoView.h */ = {isa = PBXFileReference; fileEncoding = 4; lastKnownFileType = sourcecode.c.h; path = glWijkInfoView.h; sourceTree = "<group>"; };
		FFD9C46D1928BCF800007267 /* glWijkInfoView.m */ = {isa = PBXFileReference; fileEncoding = 4; lastKnownFileType = sourcecode.c.objc; path = glWijkInfoView.m; sourceTree = "<group>"; };
		FFEBE5C418F299A700C8DD0B /* GlasAanHuis.app */ = {isa = PBXFileReference; explicitFileType = wrapper.application; includeInIndex = 0; path = GlasAanHuis.app; sourceTree = BUILT_PRODUCTS_DIR; };
		FFEBE5C718F299A700C8DD0B /* Foundation.framework */ = {isa = PBXFileReference; lastKnownFileType = wrapper.framework; name = Foundation.framework; path = System/Library/Frameworks/Foundation.framework; sourceTree = SDKROOT; };
		FFEBE5C918F299A700C8DD0B /* CoreGraphics.framework */ = {isa = PBXFileReference; lastKnownFileType = wrapper.framework; name = CoreGraphics.framework; path = System/Library/Frameworks/CoreGraphics.framework; sourceTree = SDKROOT; };
		FFEBE5CB18F299A700C8DD0B /* UIKit.framework */ = {isa = PBXFileReference; lastKnownFileType = wrapper.framework; name = UIKit.framework; path = System/Library/Frameworks/UIKit.framework; sourceTree = SDKROOT; };
		FFEBE5CF18F299A700C8DD0B /* GlasAanHuis-Info.plist */ = {isa = PBXFileReference; lastKnownFileType = text.plist.xml; path = "GlasAanHuis-Info.plist"; sourceTree = "<group>"; };
		FFEBE5D118F299A700C8DD0B /* en */ = {isa = PBXFileReference; lastKnownFileType = text.plist.strings; name = en; path = en.lproj/InfoPlist.strings; sourceTree = "<group>"; };
		FFEBE5D318F299A700C8DD0B /* main.m */ = {isa = PBXFileReference; lastKnownFileType = sourcecode.c.objc; path = main.m; sourceTree = "<group>"; };
		FFEBE5D518F299A700C8DD0B /* GlasAanHuis-Prefix.pch */ = {isa = PBXFileReference; lastKnownFileType = sourcecode.c.h; path = "GlasAanHuis-Prefix.pch"; sourceTree = "<group>"; };
		FFEBE5D618F299A700C8DD0B /* glAppDelegate.h */ = {isa = PBXFileReference; lastKnownFileType = sourcecode.c.h; path = glAppDelegate.h; sourceTree = "<group>"; };
		FFEBE5D718F299A700C8DD0B /* glAppDelegate.m */ = {isa = PBXFileReference; lastKnownFileType = sourcecode.c.objc; path = glAppDelegate.m; sourceTree = "<group>"; };
		FFEBE5DA18F299A700C8DD0B /* Base */ = {isa = PBXFileReference; lastKnownFileType = file.storyboard; name = Base; path = Base.lproj/Main.storyboard; sourceTree = "<group>"; };
		FFEBE5DF18F299A700C8DD0B /* Images.xcassets */ = {isa = PBXFileReference; lastKnownFileType = folder.assetcatalog; path = Images.xcassets; sourceTree = "<group>"; };
		FFEBE5E518F299A700C8DD0B /* GlasAanHuisTests.xctest */ = {isa = PBXFileReference; explicitFileType = wrapper.cfbundle; includeInIndex = 0; path = GlasAanHuisTests.xctest; sourceTree = BUILT_PRODUCTS_DIR; };
		FFEBE5E618F299A700C8DD0B /* XCTest.framework */ = {isa = PBXFileReference; lastKnownFileType = wrapper.framework; name = XCTest.framework; path = Library/Frameworks/XCTest.framework; sourceTree = DEVELOPER_DIR; };
		FFEBE5EE18F299A700C8DD0B /* GlasAanHuisTests-Info.plist */ = {isa = PBXFileReference; lastKnownFileType = text.plist.xml; path = "GlasAanHuisTests-Info.plist"; sourceTree = "<group>"; };
		FFEBE5F018F299A700C8DD0B /* en */ = {isa = PBXFileReference; lastKnownFileType = text.plist.strings; name = en; path = en.lproj/InfoPlist.strings; sourceTree = "<group>"; };
		FFEBE5F218F299A700C8DD0B /* GlasAanHuisTests.m */ = {isa = PBXFileReference; lastKnownFileType = sourcecode.c.objc; path = GlasAanHuisTests.m; sourceTree = "<group>"; };
/* End PBXFileReference section */

/* Begin PBXFrameworksBuildPhase section */
		FFEBE5C118F299A700C8DD0B /* Frameworks */ = {
			isa = PBXFrameworksBuildPhase;
			buildActionMask = 2147483647;
			files = (
				3508ED701919E1FF009E1512 /* QuartzCore.framework in Frameworks */,
				49CBE6D4191A2C3200545777 /* MediaPlayer.framework in Frameworks */,
				FFEBE5CA18F299A700C8DD0B /* CoreGraphics.framework in Frameworks */,
				49C31E9A19194AED005A8F28 /* FacebookSDK.framework in Frameworks */,
				FFEBE5CC18F299A700C8DD0B /* UIKit.framework in Frameworks */,
				FFEBE5C818F299A700C8DD0B /* Foundation.framework in Frameworks */,
			);
			runOnlyForDeploymentPostprocessing = 0;
		};
		FFEBE5E218F299A700C8DD0B /* Frameworks */ = {
			isa = PBXFrameworksBuildPhase;
			buildActionMask = 2147483647;
			files = (
				FFEBE5E718F299A700C8DD0B /* XCTest.framework in Frameworks */,
				FFEBE5E918F299A700C8DD0B /* UIKit.framework in Frameworks */,
				FFEBE5E818F299A700C8DD0B /* Foundation.framework in Frameworks */,
			);
			runOnlyForDeploymentPostprocessing = 0;
		};
/* End PBXFrameworksBuildPhase section */

/* Begin PBXGroup section */
		3508ED751919E2EE009E1512 /* HTML */ = {
			isa = PBXGroup;
			children = (
				35D042CD191A42E8008D3679 /* info.html */,
			);
			name = HTML;
			sourceTree = "<group>";
		};
		35D0427E191A0BBE008D3679 /* SideBar */ = {
			isa = PBXGroup;
			children = (
				35D042C7191A4288008D3679 /* SidebarViewController.h */,
				35D042C8191A4288008D3679 /* SidebarViewController.m */,
			);
			name = SideBar;
			sourceTree = "<group>";
		};
		35D042B2191A14FE008D3679 /* MTPopupWindow */ = {
			isa = PBXGroup;
			children = (
				35D042CA191A42D3008D3679 /* MTPopupWindow.h */,
				35D042CB191A42D3008D3679 /* MTPopupWindow.m */,
			);
			name = MTPopupWindow;
			sourceTree = "<group>";
		};
		35D042C6191A2209008D3679 /* ViewController */ = {
			isa = PBXGroup;
			children = (
				49A6D79D194CD610002374D8 /* glPictureViewSettingsController.h */,
				49A6D79E194CD610002374D8 /* glPictureViewSettingsController.m */,
				49C31E881919000C005A8F28 /* glDistrictViewController.h */,
				49C31E891919000C005A8F28 /* glDistrictViewController.m */,
				49C31E8B19190037005A8F28 /* glRegisterViewController.h */,
				49C31E8C19190037005A8F28 /* glRegisterViewController.m */,
				49C31E8E19190052005A8F28 /* glDistrictSelectViewController.h */,
				49C31E8F19190052005A8F28 /* glDistrictSelectViewController.m */,
				49C31E91191915D5005A8F28 /* glStartViewController.h */,
				49C31E92191915D5005A8F28 /* glStartViewController.m */,
				49C31EA019198BDA005A8F28 /* glIntroViewController.h */,
				49C31EA119198BDA005A8F28 /* glIntroViewController.m */,
				3508ED6C1919DE07009E1512 /* glPictureViewController.h */,
				3508ED6D1919DE07009E1512 /* glPictureViewController.m */,
				35D042B9191A1F64008D3679 /* glMyProfileViewController.h */,
				35D042BA191A1F64008D3679 /* glMyProfileViewController.m */,
				35D042BC191A1F73008D3679 /* glVideoUploadViewController.h */,
				35D042BD191A1F73008D3679 /* glVideoUploadViewController.m */,
				35D042BF191A21E9008D3679 /* glFaqViewController.h */,
				35D042C0191A21E9008D3679 /* glFaqViewController.m */,
				35D042C2191A21F3008D3679 /* glForumViewController.h */,
				35D042C3191A21F3008D3679 /* glForumViewController.m */,
				43D07FEC192CDE6F00F22139 /* glBuddyDetailViewController.h */,
				43D07FED192CDE6F00F22139 /* glBuddyDetailViewController.m */,
				359B2F471930A7D000A65D66 /* glBuddyChatViewController.h */,
				359B2F481930A7D000A65D66 /* glBuddyChatViewController.m */,
				35CC46FE1932C0FF00F16AAC /* glProviderViewController.h */,
				35CC46FF1932C0FF00F16AAC /* glProviderViewController.m */,
				35CC47011932C12500F16AAC /* glCommitmentViewController.h */,
				35CC47021932C12500F16AAC /* glCommitmentViewController.m */,
				359BC843193B9F40005F2718 /* glUserVideoViewController.h */,
				359BC844193B9F40005F2718 /* glUserVideoViewController.m */,
				49A6D79A194C55CE002374D8 /* glMyProfileSettingsChangeViewController.h */,
				49A6D79B194C55CE002374D8 /* glMyProfileSettingsChangeViewController.m */,
				3597A2B1194DCE0B009FBE48 /* glChatManagerViewController.h */,
				3597A2B2194DCE0B009FBE48 /* glChatManagerViewController.m */,
				49A6D7A0194E4E14002374D8 /* glInfoViewController.h */,
				49A6D7A1194E4E14002374D8 /* glInfoViewController.m */,
			);
			name = ViewController;
			sourceTree = "<group>";
		};
		FFCD67711906EED900D05AA3 /* Library */ = {
			isa = PBXGroup;
			children = (
				FFCCE4541915605A000FB961 /* SWRevealViewController.h */,
				FFCCE4551915605A000FB961 /* SWRevealViewController.m */,
			);
			name = Library;
			sourceTree = "<group>";
		};
		FFD9C4691928BA4B00007267 /* Views */ = {
			isa = PBXGroup;
			children = (
				FFD9C46C1928BCF800007267 /* glWijkInfoView.h */,
				FFD9C46D1928BCF800007267 /* glWijkInfoView.m */,
				3508ED691919C86C009E1512 /* glBlurView.h */,
				3508ED6A1919C86C009E1512 /* glBlurView.m */,
				FFD9C46A1928BA6A00007267 /* WijkInfo.xib */,
				35C0697B1932596A009538A9 /* glDistrictParticipants.h */,
				35C0697C1932596A009538A9 /* glDistrictParticipants.m */,
				35C0697E19325996009538A9 /* DistrictParticipants.xib */,
				49B7AE39193537CC000E8904 /* glDistrictParticipantsCell.h */,
				49B7AE3A193537CC000E8904 /* glDistrictParticipantsCell.m */,
				FFA9B9AD193BAE3800EA5A50 /* glMapViewDelegate.h */,
				FFA9B9AE193BAE3800EA5A50 /* glMapViewDelegate.m */,
				3597A2AE194DA16A009FBE48 /* glGlasNavigationController.h */,
				3597A2AF194DA16A009FBE48 /* glGlasNavigationController.m */,
			);
			name = Views;
			sourceTree = "<group>";
		};
		FFEBE5BB18F299A700C8DD0B = {
			isa = PBXGroup;
			children = (
				FFEBE5CD18F299A700C8DD0B /* GlasAanHuis */,
				FFEBE5EC18F299A700C8DD0B /* GlasAanHuisTests */,
				FFEBE5C618F299A700C8DD0B /* Frameworks */,
				FFEBE5C518F299A700C8DD0B /* Products */,
			);
			sourceTree = "<group>";
		};
		FFEBE5C518F299A700C8DD0B /* Products */ = {
			isa = PBXGroup;
			children = (
				FFEBE5C418F299A700C8DD0B /* GlasAanHuis.app */,
				FFEBE5E518F299A700C8DD0B /* GlasAanHuisTests.xctest */,
			);
			name = Products;
			sourceTree = "<group>";
		};
		FFEBE5C618F299A700C8DD0B /* Frameworks */ = {
			isa = PBXGroup;
			children = (
				3508ED6F1919E1FF009E1512 /* QuartzCore.framework */,
				49CBE6D3191A2C3200545777 /* MediaPlayer.framework */,
				49C31E9919194AED005A8F28 /* FacebookSDK.framework */,
				FFEBE5C718F299A700C8DD0B /* Foundation.framework */,
				FFEBE5C918F299A700C8DD0B /* CoreGraphics.framework */,
				FFEBE5CB18F299A700C8DD0B /* UIKit.framework */,
				FFEBE5E618F299A700C8DD0B /* XCTest.framework */,
			);
			name = Frameworks;
			sourceTree = "<group>";
		};
		FFEBE5CD18F299A700C8DD0B /* GlasAanHuis */ = {
			isa = PBXGroup;
			children = (
				35D042C6191A2209008D3679 /* ViewController */,
				35D042B2191A14FE008D3679 /* MTPopupWindow */,
				35D0427E191A0BBE008D3679 /* SideBar */,
				3508ED751919E2EE009E1512 /* HTML */,
				FFD9C4691928BA4B00007267 /* Views */,
				FFCD67711906EED900D05AA3 /* Library */,
				FFEBE5D918F299A700C8DD0B /* Main.storyboard */,
				FFEBE5DF18F299A700C8DD0B /* Images.xcassets */,
				F29CBCD0194B248500C21542 /* cameraicon.png */,
				359B2F4A1930BCA300A65D66 /* billgates.jpg */,
				359B2F4B1930BCA300A65D66 /* obama.jpg */,
				FFEBE5CE18F299A700C8DD0B /* Supporting Files */,
			);
			path = GlasAanHuis;
			sourceTree = "<group>";
		};
		FFEBE5CE18F299A700C8DD0B /* Supporting Files */ = {
			isa = PBXGroup;
			children = (
				FFC5C467194E5F6B00B25CA0 /* Comp2.mp4 */,
				359BC846193BB07E005F2718 /* 06-commit_feet.png */,
				49B7AE37193522A0000E8904 /* sample_mpeg4.mp4 */,
				FFEBE5D618F299A700C8DD0B /* glAppDelegate.h */,
				FFEBE5D718F299A700C8DD0B /* glAppDelegate.m */,
				49C31E9D19198B87005A8F28 /* Comp2_old.mp4 */,
				FFEBE5CF18F299A700C8DD0B /* GlasAanHuis-Info.plist */,
				FFEBE5D018F299A700C8DD0B /* InfoPlist.strings */,
				FFEBE5D318F299A700C8DD0B /* main.m */,
				FFEBE5D518F299A700C8DD0B /* GlasAanHuis-Prefix.pch */,
			);
			name = "Supporting Files";
			sourceTree = "<group>";
		};
		FFEBE5EC18F299A700C8DD0B /* GlasAanHuisTests */ = {
			isa = PBXGroup;
			children = (
				FFEBE5F218F299A700C8DD0B /* GlasAanHuisTests.m */,
				FFEBE5ED18F299A700C8DD0B /* Supporting Files */,
			);
			path = GlasAanHuisTests;
			sourceTree = "<group>";
		};
		FFEBE5ED18F299A700C8DD0B /* Supporting Files */ = {
			isa = PBXGroup;
			children = (
				FFEBE5EE18F299A700C8DD0B /* GlasAanHuisTests-Info.plist */,
				FFEBE5EF18F299A700C8DD0B /* InfoPlist.strings */,
			);
			name = "Supporting Files";
			sourceTree = "<group>";
		};
/* End PBXGroup section */

/* Begin PBXNativeTarget section */
		FFEBE5C318F299A700C8DD0B /* GlasAanHuis */ = {
			isa = PBXNativeTarget;
			buildConfigurationList = FFEBE5F618F299A700C8DD0B /* Build configuration list for PBXNativeTarget "GlasAanHuis" */;
			buildPhases = (
				FFEBE5C018F299A700C8DD0B /* Sources */,
				FFEBE5C118F299A700C8DD0B /* Frameworks */,
				FFEBE5C218F299A700C8DD0B /* Resources */,
			);
			buildRules = (
			);
			dependencies = (
			);
			name = GlasAanHuis;
			productName = GlasAanHuis;
			productReference = FFEBE5C418F299A700C8DD0B /* GlasAanHuis.app */;
			productType = "com.apple.product-type.application";
		};
		FFEBE5E418F299A700C8DD0B /* GlasAanHuisTests */ = {
			isa = PBXNativeTarget;
			buildConfigurationList = FFEBE5F918F299A700C8DD0B /* Build configuration list for PBXNativeTarget "GlasAanHuisTests" */;
			buildPhases = (
				FFEBE5E118F299A700C8DD0B /* Sources */,
				FFEBE5E218F299A700C8DD0B /* Frameworks */,
				FFEBE5E318F299A700C8DD0B /* Resources */,
			);
			buildRules = (
			);
			dependencies = (
				FFEBE5EB18F299A700C8DD0B /* PBXTargetDependency */,
			);
			name = GlasAanHuisTests;
			productName = GlasAanHuisTests;
			productReference = FFEBE5E518F299A700C8DD0B /* GlasAanHuisTests.xctest */;
			productType = "com.apple.product-type.bundle.unit-test";
		};
/* End PBXNativeTarget section */

/* Begin PBXProject section */
		FFEBE5BC18F299A700C8DD0B /* Project object */ = {
			isa = PBXProject;
			attributes = {
				CLASSPREFIX = gl;
				LastUpgradeCheck = 0510;
				ORGANIZATIONNAME = GlasAanHuis;
				TargetAttributes = {
					FFEBE5C318F299A700C8DD0B = {
						DevelopmentTeam = 24W78PLNZ6;
					};
					FFEBE5E418F299A700C8DD0B = {
						TestTargetID = FFEBE5C318F299A700C8DD0B;
					};
				};
			};
			buildConfigurationList = FFEBE5BF18F299A700C8DD0B /* Build configuration list for PBXProject "GlasAanHuis" */;
			compatibilityVersion = "Xcode 3.2";
			developmentRegion = English;
			hasScannedForEncodings = 0;
			knownRegions = (
				en,
				Base,
			);
			mainGroup = FFEBE5BB18F299A700C8DD0B;
			productRefGroup = FFEBE5C518F299A700C8DD0B /* Products */;
			projectDirPath = "";
			projectRoot = "";
			targets = (
				FFEBE5C318F299A700C8DD0B /* GlasAanHuis */,
				FFEBE5E418F299A700C8DD0B /* GlasAanHuisTests */,
			);
		};
/* End PBXProject section */

/* Begin PBXResourcesBuildPhase section */
		FFEBE5C218F299A700C8DD0B /* Resources */ = {
			isa = PBXResourcesBuildPhase;
			buildActionMask = 2147483647;
			files = (
				359B2F4D1930BCA300A65D66 /* obama.jpg in Resources */,
				FFEBE5E018F299A700C8DD0B /* Images.xcassets in Resources */,
				35C0697F19325996009538A9 /* DistrictParticipants.xib in Resources */,
				49B7AE38193522A0000E8904 /* sample_mpeg4.mp4 in Resources */,
				359B2F4C1930BCA300A65D66 /* billgates.jpg in Resources */,
				49C31E9E19198B87005A8F28 /* Comp2_old.mp4 in Resources */,
				35D042CE191A42E8008D3679 /* info.html in Resources */,
				F29CBCD1194B248500C21542 /* cameraicon.png in Resources */,
				FFD9C46B1928BA6A00007267 /* WijkInfo.xib in Resources */,
				FFEBE5D218F299A700C8DD0B /* InfoPlist.strings in Resources */,
				359BC847193BB07E005F2718 /* 06-commit_feet.png in Resources */,
				FFEBE5DB18F299A700C8DD0B /* Main.storyboard in Resources */,
			);
			runOnlyForDeploymentPostprocessing = 0;
		};
		FFEBE5E318F299A700C8DD0B /* Resources */ = {
			isa = PBXResourcesBuildPhase;
			buildActionMask = 2147483647;
			files = (
				FFEBE5F118F299A700C8DD0B /* InfoPlist.strings in Resources */,
				49C31E9F19198B87005A8F28 /* Comp2_old.mp4 in Resources */,
			);
			runOnlyForDeploymentPostprocessing = 0;
		};
/* End PBXResourcesBuildPhase section */

/* Begin PBXSourcesBuildPhase section */
		FFEBE5C018F299A700C8DD0B /* Sources */ = {
			isa = PBXSourcesBuildPhase;
			buildActionMask = 2147483647;
			files = (
				49CBE6D519280B6500545777 /* glAppDelegate.h in Sources */,
				FFD9C46E1928BCF800007267 /* glWijkInfoView.m in Sources */,
				49B7AE3B193537CC000E8904 /* glDistrictParticipantsCell.m in Sources */,
				49C31EA219198BDA005A8F28 /* glIntroViewController.m in Sources */,
				35CC47031932C12500F16AAC /* glCommitmentViewController.m in Sources */,
				3597A2B3194DCE0B009FBE48 /* glChatManagerViewController.m in Sources */,
				43D07FEE192CDE6F00F22139 /* glBuddyDetailViewController.m in Sources */,
				359BC845193B9F40005F2718 /* glUserVideoViewController.m in Sources */,
				359B2F491930A7D000A65D66 /* glBuddyChatViewController.m in Sources */,
				35D042C4191A21F3008D3679 /* glForumViewController.m in Sources */,
				35C0697D1932596A009538A9 /* glDistrictParticipants.m in Sources */,
				35CC47001932C0FF00F16AAC /* glProviderViewController.m in Sources */,
				49A6D79F194CD610002374D8 /* glPictureViewSettingsController.m in Sources */,
				49A6D79C194C55CE002374D8 /* glMyProfileSettingsChangeViewController.m in Sources */,
				49C31E8D19190037005A8F28 /* glRegisterViewController.m in Sources */,
				35D042C9191A4288008D3679 /* SidebarViewController.m in Sources */,
				49C31E93191915D5005A8F28 /* glStartViewController.m in Sources */,
				49A6D7A2194E4E14002374D8 /* glInfoViewController.m in Sources */,
				3597A2B0194DA16A009FBE48 /* glGlasNavigationController.m in Sources */,
				35D042CC191A42D3008D3679 /* MTPopupWindow.m in Sources */,
				35D042BE191A1F73008D3679 /* glVideoUploadViewController.m in Sources */,
				FFEBE5D418F299A700C8DD0B /* main.m in Sources */,
				3508ED6E1919DE07009E1512 /* glPictureViewController.m in Sources */,
				FFCCE4561915605A000FB961 /* SWRevealViewController.m in Sources */,
				FFEBE5D818F299A700C8DD0B /* glAppDelegate.m in Sources */,
				49C31E8A1919000C005A8F28 /* glDistrictViewController.m in Sources */,
				35D042C1191A21E9008D3679 /* glFaqViewController.m in Sources */,
				35D042BB191A1F64008D3679 /* glMyProfileViewController.m in Sources */,
				49C31E9019190052005A8F28 /* glDistrictSelectViewController.m in Sources */,
				FFA9B9AF193BAE3800EA5A50 /* glMapViewDelegate.m in Sources */,
				3508ED6B1919C86C009E1512 /* glBlurView.m in Sources */,
			);
			runOnlyForDeploymentPostprocessing = 0;
		};
		FFEBE5E118F299A700C8DD0B /* Sources */ = {
			isa = PBXSourcesBuildPhase;
			buildActionMask = 2147483647;
			files = (
				49C31EA319198BDA005A8F28 /* glIntroViewController.m in Sources */,
				FFEBE5F318F299A700C8DD0B /* GlasAanHuisTests.m in Sources */,
			);
			runOnlyForDeploymentPostprocessing = 0;
		};
/* End PBXSourcesBuildPhase section */

/* Begin PBXTargetDependency section */
		FFEBE5EB18F299A700C8DD0B /* PBXTargetDependency */ = {
			isa = PBXTargetDependency;
			target = FFEBE5C318F299A700C8DD0B /* GlasAanHuis */;
			targetProxy = FFEBE5EA18F299A700C8DD0B /* PBXContainerItemProxy */;
		};
/* End PBXTargetDependency section */

/* Begin PBXVariantGroup section */
		FFEBE5D018F299A700C8DD0B /* InfoPlist.strings */ = {
			isa = PBXVariantGroup;
			children = (
				FFEBE5D118F299A700C8DD0B /* en */,
			);
			name = InfoPlist.strings;
			sourceTree = "<group>";
		};
		FFEBE5D918F299A700C8DD0B /* Main.storyboard */ = {
			isa = PBXVariantGroup;
			children = (
				FFEBE5DA18F299A700C8DD0B /* Base */,
			);
			name = Main.storyboard;
			sourceTree = "<group>";
		};
		FFEBE5EF18F299A700C8DD0B /* InfoPlist.strings */ = {
			isa = PBXVariantGroup;
			children = (
				FFEBE5F018F299A700C8DD0B /* en */,
			);
			name = InfoPlist.strings;
			sourceTree = "<group>";
		};
/* End PBXVariantGroup section */

/* Begin XCBuildConfiguration section */
		FFEBE5F418F299A700C8DD0B /* Debug */ = {
			isa = XCBuildConfiguration;
			buildSettings = {
				ALWAYS_SEARCH_USER_PATHS = NO;
				CLANG_CXX_LANGUAGE_STANDARD = "gnu++0x";
				CLANG_CXX_LIBRARY = "libc++";
				CLANG_ENABLE_MODULES = YES;
				CLANG_ENABLE_OBJC_ARC = YES;
				CLANG_WARN_BOOL_CONVERSION = YES;
				CLANG_WARN_CONSTANT_CONVERSION = YES;
				CLANG_WARN_DIRECT_OBJC_ISA_USAGE = YES_ERROR;
				CLANG_WARN_EMPTY_BODY = YES;
				CLANG_WARN_ENUM_CONVERSION = YES;
				CLANG_WARN_INT_CONVERSION = YES;
				CLANG_WARN_OBJC_ROOT_CLASS = YES_ERROR;
				CLANG_WARN__DUPLICATE_METHOD_MATCH = YES;
				"CODE_SIGN_IDENTITY[sdk=iphoneos*]" = "iPhone Developer";
				COPY_PHASE_STRIP = NO;
				GCC_C_LANGUAGE_STANDARD = gnu99;
				GCC_DYNAMIC_NO_PIC = NO;
				GCC_OPTIMIZATION_LEVEL = 0;
				GCC_PREPROCESSOR_DEFINITIONS = (
					"DEBUG=1",
					"$(inherited)",
				);
				GCC_SYMBOLS_PRIVATE_EXTERN = NO;
				GCC_WARN_64_TO_32_BIT_CONVERSION = YES;
				GCC_WARN_ABOUT_RETURN_TYPE = YES_ERROR;
				GCC_WARN_UNDECLARED_SELECTOR = YES;
				GCC_WARN_UNINITIALIZED_AUTOS = YES_AGGRESSIVE;
				GCC_WARN_UNUSED_FUNCTION = YES;
				GCC_WARN_UNUSED_VARIABLE = YES;
				IPHONEOS_DEPLOYMENT_TARGET = 7.1;
				ONLY_ACTIVE_ARCH = YES;
				SDKROOT = iphoneos;
			};
			name = Debug;
		};
		FFEBE5F518F299A700C8DD0B /* Release */ = {
			isa = XCBuildConfiguration;
			buildSettings = {
				ALWAYS_SEARCH_USER_PATHS = NO;
				CLANG_CXX_LANGUAGE_STANDARD = "gnu++0x";
				CLANG_CXX_LIBRARY = "libc++";
				CLANG_ENABLE_MODULES = YES;
				CLANG_ENABLE_OBJC_ARC = YES;
				CLANG_WARN_BOOL_CONVERSION = YES;
				CLANG_WARN_CONSTANT_CONVERSION = YES;
				CLANG_WARN_DIRECT_OBJC_ISA_USAGE = YES_ERROR;
				CLANG_WARN_EMPTY_BODY = YES;
				CLANG_WARN_ENUM_CONVERSION = YES;
				CLANG_WARN_INT_CONVERSION = YES;
				CLANG_WARN_OBJC_ROOT_CLASS = YES_ERROR;
				CLANG_WARN__DUPLICATE_METHOD_MATCH = YES;
				"CODE_SIGN_IDENTITY[sdk=iphoneos*]" = "iPhone Developer";
				COPY_PHASE_STRIP = YES;
				ENABLE_NS_ASSERTIONS = NO;
				GCC_C_LANGUAGE_STANDARD = gnu99;
				GCC_WARN_64_TO_32_BIT_CONVERSION = YES;
				GCC_WARN_ABOUT_RETURN_TYPE = YES_ERROR;
				GCC_WARN_UNDECLARED_SELECTOR = YES;
				GCC_WARN_UNINITIALIZED_AUTOS = YES_AGGRESSIVE;
				GCC_WARN_UNUSED_FUNCTION = YES;
				GCC_WARN_UNUSED_VARIABLE = YES;
				IPHONEOS_DEPLOYMENT_TARGET = 7.1;
				SDKROOT = iphoneos;
				VALIDATE_PRODUCT = YES;
			};
			name = Release;
		};
		FFEBE5F718F299A700C8DD0B /* Debug */ = {
			isa = XCBuildConfiguration;
			buildSettings = {
				ASSETCATALOG_COMPILER_APPICON_NAME = AppIcon;
				ASSETCATALOG_COMPILER_LAUNCHIMAGE_NAME = LaunchImage;
				CODE_SIGN_IDENTITY = "iPhone Developer";
				"CODE_SIGN_IDENTITY[sdk=iphoneos*]" = "iPhone Developer";
				FRAMEWORK_SEARCH_PATHS = (
					"$(inherited)",
					"$(PROJECT_DIR)",
				);
				GCC_PRECOMPILE_PREFIX_HEADER = YES;
				GCC_PREFIX_HEADER = "GlasAanHuis/GlasAanHuis-Prefix.pch";
				INFOPLIST_FILE = "GlasAanHuis/GlasAanHuis-Info.plist";
				PRODUCT_NAME = "$(TARGET_NAME)";
				PROVISIONING_PROFILE = "";
				WRAPPER_EXTENSION = app;
			};
			name = Debug;
		};
		FFEBE5F818F299A700C8DD0B /* Release */ = {
			isa = XCBuildConfiguration;
			buildSettings = {
				ASSETCATALOG_COMPILER_APPICON_NAME = AppIcon;
				ASSETCATALOG_COMPILER_LAUNCHIMAGE_NAME = LaunchImage;
				CODE_SIGN_IDENTITY = "iPhone Developer";
				"CODE_SIGN_IDENTITY[sdk=iphoneos*]" = "iPhone Developer";
				FRAMEWORK_SEARCH_PATHS = (
					"$(inherited)",
					"$(PROJECT_DIR)",
				);
				GCC_PRECOMPILE_PREFIX_HEADER = YES;
				GCC_PREFIX_HEADER = "GlasAanHuis/GlasAanHuis-Prefix.pch";
				INFOPLIST_FILE = "GlasAanHuis/GlasAanHuis-Info.plist";
				PRODUCT_NAME = "$(TARGET_NAME)";
				PROVISIONING_PROFILE = "";
				WRAPPER_EXTENSION = app;
			};
			name = Release;
		};
		FFEBE5FA18F299A700C8DD0B /* Debug */ = {
			isa = XCBuildConfiguration;
			buildSettings = {
				BUNDLE_LOADER = "$(BUILT_PRODUCTS_DIR)/GlasAanHuis.app/GlasAanHuis";
				FRAMEWORK_SEARCH_PATHS = (
					"$(SDKROOT)/Developer/Library/Frameworks",
					"$(inherited)",
					"$(DEVELOPER_FRAMEWORKS_DIR)",
					"$(PROJECT_DIR)",
				);
				GCC_PRECOMPILE_PREFIX_HEADER = YES;
				GCC_PREFIX_HEADER = "GlasAanHuis/GlasAanHuis-Prefix.pch";
				GCC_PREPROCESSOR_DEFINITIONS = (
					"DEBUG=1",
					"$(inherited)",
				);
				INFOPLIST_FILE = "GlasAanHuisTests/GlasAanHuisTests-Info.plist";
				PRODUCT_NAME = "$(TARGET_NAME)";
				TEST_HOST = "$(BUNDLE_LOADER)";
				WRAPPER_EXTENSION = xctest;
			};
			name = Debug;
		};
		FFEBE5FB18F299A700C8DD0B /* Release */ = {
			isa = XCBuildConfiguration;
			buildSettings = {
				BUNDLE_LOADER = "$(BUILT_PRODUCTS_DIR)/GlasAanHuis.app/GlasAanHuis";
				FRAMEWORK_SEARCH_PATHS = (
					"$(SDKROOT)/Developer/Library/Frameworks",
					"$(inherited)",
					"$(DEVELOPER_FRAMEWORKS_DIR)",
					"$(PROJECT_DIR)",
				);
				GCC_PRECOMPILE_PREFIX_HEADER = YES;
				GCC_PREFIX_HEADER = "GlasAanHuis/GlasAanHuis-Prefix.pch";
				INFOPLIST_FILE = "GlasAanHuisTests/GlasAanHuisTests-Info.plist";
				PRODUCT_NAME = "$(TARGET_NAME)";
				TEST_HOST = "$(BUNDLE_LOADER)";
				WRAPPER_EXTENSION = xctest;
			};
			name = Release;
		};
/* End XCBuildConfiguration section */

/* Begin XCConfigurationList section */
		FFEBE5BF18F299A700C8DD0B /* Build configuration list for PBXProject "GlasAanHuis" */ = {
			isa = XCConfigurationList;
			buildConfigurations = (
				FFEBE5F418F299A700C8DD0B /* Debug */,
				FFEBE5F518F299A700C8DD0B /* Release */,
			);
			defaultConfigurationIsVisible = 0;
			defaultConfigurationName = Release;
		};
		FFEBE5F618F299A700C8DD0B /* Build configuration list for PBXNativeTarget "GlasAanHuis" */ = {
			isa = XCConfigurationList;
			buildConfigurations = (
				FFEBE5F718F299A700C8DD0B /* Debug */,
				FFEBE5F818F299A700C8DD0B /* Release */,
			);
			defaultConfigurationIsVisible = 0;
			defaultConfigurationName = Release;
		};
		FFEBE5F918F299A700C8DD0B /* Build configuration list for PBXNativeTarget "GlasAanHuisTests" */ = {
			isa = XCConfigurationList;
			buildConfigurations = (
				FFEBE5FA18F299A700C8DD0B /* Debug */,
				FFEBE5FB18F299A700C8DD0B /* Release */,
			);
			defaultConfigurationIsVisible = 0;
			defaultConfigurationName = Release;
		};
/* End XCConfigurationList section */
	};
	rootObject = FFEBE5BC18F299A700C8DD0B /* Project object */;
}
